
Microsoft Visual Studio Solution File, Format Version 12.00
# Visual Studio Version 16
VisualStudioVersion = 16.0.31410.357
MinimumVisualStudioVersion = 10.0.40219.1
Project("{FAE04EC0-301F-11D3-BF4B-00C04F79EFBC}") = "DesignPatterns", "DesignPatterns\DesignPatterns.csproj", "{81A604A1-813E-437A-BAD6-AC1B72C4C8A8}"
EndProject
Project("{FAE04EC0-301F-11D3-BF4B-00C04F79EFBC}") = "DesignPatternsAsp", "DesignPatternsAsp\DesignPatternsAsp.csproj", "{8EC4DF5C-DEEC-4DFB-854B-148EE6E51A6A}"
EndProject
Global
	GlobalSection(SolutionConfigurationPlatforms) = preSolution
		Debug|Any CPU = Debug|Any CPU
		Release|Any CPU = Release|Any CPU
	EndGlobalSection
	GlobalSection(ProjectConfigurationPlatforms) = postSolution
		{81A604A1-813E-437A-BAD6-AC1B72C4C8A8}.Debug|Any CPU.ActiveCfg = Debug|Any CPU
		{81A604A1-813E-437A-BAD6-AC1B72C4C8A8}.Debug|Any CPU.Build.0 = Debug|Any CPU
		{81A604A1-813E-437A-BAD6-AC1B72C4C8A8}.Release|Any CPU.ActiveCfg = Release|Any CPU
		{81A604A1-813E-437A-BAD6-AC1B72C4C8A8}.Release|Any CPU.Build.0 = Release|Any CPU
		{8EC4DF5C-DEEC-4DFB-854B-148EE6E51A6A}.Debug|Any CPU.ActiveCfg = Debug|Any CPU
		{8EC4DF5C-DEEC-4DFB-854B-148EE6E51A6A}.Debug|Any CPU.Build.0 = Debug|Any CPU
		{8EC4DF5C-DEEC-4DFB-854B-148EE6E51A6A}.Release|Any CPU.ActiveCfg = Release|Any CPU
		{8EC4DF5C-DEEC-4DFB-854B-148EE6E51A6A}.Release|Any CPU.Build.0 = Release|Any CPU
	EndGlobalSection
	GlobalSection(SolutionProperties) = preSolution
		HideSolutionNode = FALSE
	EndGlobalSection
	GlobalSection(ExtensibilityGlobals) = postSolution
		SolutionGuid = {576DC38D-68BC-4D67-9141-0859C60CAC75}
	EndGlobalSection
EndGlobal
